// !$*UTF8*$!
{
	archiveVersion = 1;
	classes = {
	};
	objectVersion = 56;
	objects = {

/* Begin PBXBuildFile section */
		1C106B192AB8B328003F6587 /* MoviePostersViewContoller.swift in Sources */ = {isa = PBXBuildFile; fileRef = 1C106B182AB8B328003F6587 /* MoviePostersViewContoller.swift */; };
		1CBBFC602AAF733400A79EE4 /* AppDelegate.swift in Sources */ = {isa = PBXBuildFile; fileRef = 1CBBFC5F2AAF733400A79EE4 /* AppDelegate.swift */; };
		1CBBFC622AAF733400A79EE4 /* SceneDelegate.swift in Sources */ = {isa = PBXBuildFile; fileRef = 1CBBFC612AAF733400A79EE4 /* SceneDelegate.swift */; };
		1CBBFC642AAF733400A79EE4 /* ViewController.swift in Sources */ = {isa = PBXBuildFile; fileRef = 1CBBFC632AAF733400A79EE4 /* ViewController.swift */; };
		1CBBFC672AAF733400A79EE4 /* Main.storyboard in Resources */ = {isa = PBXBuildFile; fileRef = 1CBBFC652AAF733400A79EE4 /* Main.storyboard */; };
		1CBBFC692AAF733600A79EE4 /* Assets.xcassets in Resources */ = {isa = PBXBuildFile; fileRef = 1CBBFC682AAF733600A79EE4 /* Assets.xcassets */; };
		1CBBFC6C2AAF733600A79EE4 /* LaunchScreen.storyboard in Resources */ = {isa = PBXBuildFile; fileRef = 1CBBFC6A2AAF733600A79EE4 /* LaunchScreen.storyboard */; };
		1CBBFC742AAF79ED00A79EE4 /* MovieTableViewCell.swift in Sources */ = {isa = PBXBuildFile; fileRef = 1CBBFC732AAF79ED00A79EE4 /* MovieTableViewCell.swift */; };
		1CBBFC762AB1075700A79EE4 /* DetailViewController.swift in Sources */ = {isa = PBXBuildFile; fileRef = 1CBBFC752AB1075700A79EE4 /* DetailViewController.swift */; };
		1CBBFC782AB1103000A79EE4 /* Movie.swift in Sources */ = {isa = PBXBuildFile; fileRef = 1CBBFC772AB1103000A79EE4 /* Movie.swift */; };
		1CBBFC862AB8B1C400A79EE4 /* MovieCell.swift in Sources */ = {isa = PBXBuildFile; fileRef = 1CBBFC852AB8B1C400A79EE4 /* MovieCell.swift */; };
/* End PBXBuildFile section */

/* Begin PBXFileReference section */
		1C106B182AB8B328003F6587 /* MoviePostersViewContoller.swift */ = {isa = PBXFileReference; lastKnownFileType = sourcecode.swift; path = MoviePostersViewContoller.swift; sourceTree = "<group>"; };
		1CBBFC5C2AAF733400A79EE4 /* Flixster.app */ = {isa = PBXFileReference; explicitFileType = wrapper.application; includeInIndex = 0; path = Flixster.app; sourceTree = BUILT_PRODUCTS_DIR; };
		1CBBFC5F2AAF733400A79EE4 /* AppDelegate.swift */ = {isa = PBXFileReference; lastKnownFileType = sourcecode.swift; path = AppDelegate.swift; sourceTree = "<group>"; };
		1CBBFC612AAF733400A79EE4 /* SceneDelegate.swift */ = {isa = PBXFileReference; lastKnownFileType = sourcecode.swift; path = SceneDelegate.swift; sourceTree = "<group>"; };
		1CBBFC632AAF733400A79EE4 /* ViewController.swift */ = {isa = PBXFileReference; lastKnownFileType = sourcecode.swift; path = ViewController.swift; sourceTree = "<group>"; };
		1CBBFC662AAF733400A79EE4 /* Base */ = {isa = PBXFileReference; lastKnownFileType = file.storyboard; name = Base; path = Base.lproj/Main.storyboard; sourceTree = "<group>"; };
		1CBBFC682AAF733600A79EE4 /* Assets.xcassets */ = {isa = PBXFileReference; lastKnownFileType = folder.assetcatalog; path = Assets.xcassets; sourceTree = "<group>"; };
		1CBBFC6B2AAF733600A79EE4 /* Base */ = {isa = PBXFileReference; lastKnownFileType = file.storyboard; name = Base; path = Base.lproj/LaunchScreen.storyboard; sourceTree = "<group>"; };
		1CBBFC6D2AAF733600A79EE4 /* Info.plist */ = {isa = PBXFileReference; lastKnownFileType = text.plist.xml; path = Info.plist; sourceTree = "<group>"; };
		1CBBFC732AAF79ED00A79EE4 /* MovieTableViewCell.swift */ = {isa = PBXFileReference; lastKnownFileType = sourcecode.swift; path = MovieTableViewCell.swift; sourceTree = "<group>"; };
		1CBBFC752AB1075700A79EE4 /* DetailViewController.swift */ = {isa = PBXFileReference; lastKnownFileType = sourcecode.swift; path = DetailViewController.swift; sourceTree = "<group>"; };
		1CBBFC772AB1103000A79EE4 /* Movie.swift */ = {isa = PBXFileReference; lastKnownFileType = sourcecode.swift; path = Movie.swift; sourceTree = "<group>"; };
		1CBBFC852AB8B1C400A79EE4 /* MovieCell.swift */ = {isa = PBXFileReference; lastKnownFileType = sourcecode.swift; path = MovieCell.swift; sourceTree = "<group>"; };
/* End PBXFileReference section */

/* Begin PBXFrameworksBuildPhase section */
		1CBBFC592AAF733400A79EE4 /* Frameworks */ = {
			isa = PBXFrameworksBuildPhase;
			buildActionMask = 2147483647;
			files = (
			);
			runOnlyForDeploymentPostprocessing = 0;
		};
/* End PBXFrameworksBuildPhase section */

/* Begin PBXGroup section */
		1CBBFC532AAF733400A79EE4 = {
			isa = PBXGroup;
			children = (
				1CBBFC5E2AAF733400A79EE4 /* Flixster */,
				1CBBFC5D2AAF733400A79EE4 /* Products */,
			);
			sourceTree = "<group>";
		};
		1CBBFC5D2AAF733400A79EE4 /* Products */ = {
			isa = PBXGroup;
			children = (
				1CBBFC5C2AAF733400A79EE4 /* Flixster.app */,
			);
			name = Products;
			sourceTree = "<group>";
		};
		1CBBFC5E2AAF733400A79EE4 /* Flixster */ = {
			isa = PBXGroup;
			children = (
				1CBBFC5F2AAF733400A79EE4 /* AppDelegate.swift */,
				1CBBFC612AAF733400A79EE4 /* SceneDelegate.swift */,
				1CBBFC632AAF733400A79EE4 /* ViewController.swift */,
				1CBBFC652AAF733400A79EE4 /* Main.storyboard */,
				1C106B182AB8B328003F6587 /* MoviePostersViewContoller.swift */,
				1CBBFC852AB8B1C400A79EE4 /* MovieCell.swift */,
				1CBBFC772AB1103000A79EE4 /* Movie.swift */,
				1CBBFC752AB1075700A79EE4 /* DetailViewController.swift */,
				1CBBFC732AAF79ED00A79EE4 /* MovieTableViewCell.swift */,
				1CBBFC682AAF733600A79EE4 /* Assets.xcassets */,
				1CBBFC6A2AAF733600A79EE4 /* LaunchScreen.storyboard */,
				1CBBFC6D2AAF733600A79EE4 /* Info.plist */,
			);
			path = Flixster;
			sourceTree = "<group>";
		};
/* End PBXGroup section */

/* Begin PBXNativeTarget section */
		1CBBFC5B2AAF733400A79EE4 /* Flixster */ = {
			isa = PBXNativeTarget;
			buildConfigurationList = 1CBBFC702AAF733600A79EE4 /* Build configuration list for PBXNativeTarget "Flixster" */;
			buildPhases = (
				1CBBFC582AAF733400A79EE4 /* Sources */,
				1CBBFC592AAF733400A79EE4 /* Frameworks */,
				1CBBFC5A2AAF733400A79EE4 /* Resources */,
			);
			buildRules = (
			);
			dependencies = (
			);
			name = Flixster;
			productName = Flixster;
			productReference = 1CBBFC5C2AAF733400A79EE4 /* Flixster.app */;
			productType = "com.apple.product-type.application";
		};
/* End PBXNativeTarget section */

/* Begin PBXProject section */
		1CBBFC542AAF733400A79EE4 /* Project object */ = {
			isa = PBXProject;
			attributes = {
				BuildIndependentTargetsInParallel = 1;
				LastSwiftUpdateCheck = 1430;
				LastUpgradeCheck = 1430;
				TargetAttributes = {
					1CBBFC5B2AAF733400A79EE4 = {
						CreatedOnToolsVersion = 14.3.1;
					};
				};
			};
			buildConfigurationList = 1CBBFC572AAF733400A79EE4 /* Build configuration list for PBXProject "Flixster" */;
			compatibilityVersion = "Xcode 14.0";
			developmentRegion = en;
			hasScannedForEncodings = 0;
			knownRegions = (
				en,
				Base,
			);
			mainGroup = 1CBBFC532AAF733400A79EE4;
			productRefGroup = 1CBBFC5D2AAF733400A79EE4 /* Products */;
			projectDirPath = "";
			projectRoot = "";
			targets = (
				1CBBFC5B2AAF733400A79EE4 /* Flixster */,
			);
		};
/* End PBXProject section */

/* Begin PBXResourcesBuildPhase section */
		1CBBFC5A2AAF733400A79EE4 /* Resources */ = {
			isa = PBXResourcesBuildPhase;
			buildActionMask = 2147483647;
			files = (
				1CBBFC6C2AAF733600A79EE4 /* LaunchScreen.storyboard in Resources */,
				1CBBFC692AAF733600A79EE4 /* Assets.xcassets in Resources */,
				1CBBFC672AAF733400A79EE4 /* Main.storyboard in Resources */,
			);
			runOnlyForDeploymentPostprocessing = 0;
		};
/* End PBXResourcesBuildPhase section */

/* Begin PBXSourcesBuildPhase section */
		1CBBFC582AAF733400A79EE4 /* Sources */ = {
			isa = PBXSourcesBuildPhase;
			buildActionMask = 2147483647;
			files = (
				1CBBFC862AB8B1C400A79EE4 /* MovieCell.swift in Sources */,
				1CBBFC642AAF733400A79EE4 /* ViewController.swift in Sources */,
				1CBBFC602AAF733400A79EE4 /* AppDelegate.swift in Sources */,
				1CBBFC782AB1103000A79EE4 /* Movie.swift in Sources */,
				1CBBFC762AB1075700A79EE4 /* DetailViewController.swift in Sources */,
				1CBBFC742AAF79ED00A79EE4 /* MovieTableViewCell.swift in Sources */,
				1CBBFC622AAF733400A79EE4 /* SceneDelegate.swift in Sources */,
				1C106B192AB8B328003F6587 /* MoviePostersViewContoller.swift in Sources */,
			);
			runOnlyForDeploymentPostprocessing = 0;
		};
/* End PBXSourcesBuildPhase section */

/* Begin PBXVariantGroup section */
		1CBBFC652AAF733400A79EE4 /* Main.storyboard */ = {
			isa = PBXVariantGroup;
			children = (
				1CBBFC662AAF733400A79EE4 /* Base */,
			);
			name = Main.storyboard;
			sourceTree = "<group>";
		};
		1CBBFC6A2AAF733600A79EE4 /* LaunchScreen.storyboard */ = {
			isa = PBXVariantGroup;
			children = (
				1CBBFC6B2AAF733600A79EE4 /* Base */,
			);
			name = LaunchScreen.storyboard;
			sourceTree = "<group>";
		};
/* End PBXVariantGroup section */

/* Begin XCBuildConfiguration section */
		1CBBFC6E2AAF733600A79EE4 /* Debug */ = {
			isa = XCBuildConfiguration;
			buildSettings = {
				ALWAYS_SEARCH_USER_PATHS = NO;
				CLANG_ANALYZER_NONNULL = YES;
				CLANG_ANALYZER_NUMBER_OBJECT_CONVERSION = YES_AGGRESSIVE;
				CLANG_CXX_LANGUAGE_STANDARD = "gnu++20";
				CLANG_ENABLE_MODULES = YES;
				CLANG_ENABLE_OBJC_ARC = YES;
				CLANG_ENABLE_OBJC_WEAK = YES;
				CLANG_WARN_BLOCK_CAPTURE_AUTORELEASING = YES;
				CLANG_WARN_BOOL_CONVERSION = YES;
				CLANG_WARN_COMMA = YES;
				CLANG_WARN_CONSTANT_CONVERSION = YES;
				CLANG_WARN_DEPRECATED_OBJC_IMPLEMENTATIONS = YES;
				CLANG_WARN_DIRECT_OBJC_ISA_USAGE = YES_ERROR;
				CLANG_WARN_DOCUMENTATION_COMMENTS = YES;
				CLANG_WARN_EMPTY_BODY = YES;
				CLANG_WARN_ENUM_CONVERSION = YES;
				CLANG_WARN_INFINITE_RECURSION = YES;
				CLANG_WARN_INT_CONVERSION = YES;
				CLANG_WARN_NON_LITERAL_NULL_CONVERSION = YES;
				CLANG_WARN_OBJC_IMPLICIT_RETAIN_SELF = YES;
				CLANG_WARN_OBJC_LITERAL_CONVERSION = YES;
				CLANG_WARN_OBJC_ROOT_CLASS = YES_ERROR;
				CLANG_WARN_QUOTED_INCLUDE_IN_FRAMEWORK_HEADER = YES;
				CLANG_WARN_RANGE_LOOP_ANALYSIS = YES;
				CLANG_WARN_STRICT_PROTOTYPES = YES;
				CLANG_WARN_SUSPICIOUS_MOVE = YES;
				CLANG_WARN_UNGUARDED_AVAILABILITY = YES_AGGRESSIVE;
				CLANG_WARN_UNREACHABLE_CODE = YES;
				CLANG_WARN__DUPLICATE_METHOD_MATCH = YES;
				COPY_PHASE_STRIP = NO;
				DEBUG_INFORMATION_FORMAT = dwarf;
				ENABLE_STRICT_OBJC_MSGSEND = YES;
				ENABLE_TESTABILITY = YES;
				GCC_C_LANGUAGE_STANDARD = gnu11;
				GCC_DYNAMIC_NO_PIC = NO;
				GCC_NO_COMMON_BLOCKS = YES;
				GCC_OPTIMIZATION_LEVEL = 0;
				GCC_PREPROCESSOR_DEFINITIONS = (
					"DEBUG=1",
					"$(inherited)",
				);
				GCC_WARN_64_TO_32_BIT_CONVERSION = YES;
				GCC_WARN_ABOUT_RETURN_TYPE = YES_ERROR;
				GCC_WARN_UNDECLARED_SELECTOR = YES;
				GCC_WARN_UNINITIALIZED_AUTOS = YES_AGGRESSIVE;
				GCC_WARN_UNUSED_FUNCTION = YES;
				GCC_WARN_UNUSED_VARIABLE = YES;
				IPHONEOS_DEPLOYMENT_TARGET = 16.4;
				MTL_ENABLE_DEBUG_INFO = INCLUDE_SOURCE;
				MTL_FAST_MATH = YES;
				ONLY_ACTIVE_ARCH = YES;
				SDKROOT = iphoneos;
				SWIFT_ACTIVE_COMPILATION_CONDITIONS = DEBUG;
				SWIFT_OPTIMIZATION_LEVEL = "-Onone";
			};
			name = Debug;
		};
		1CBBFC6F2AAF733600A79EE4 /* Release */ = {
			isa = XCBuildConfiguration;
			buildSettings = {
				ALWAYS_SEARCH_USER_PATHS = NO;
				CLANG_ANALYZER_NONNULL = YES;
				CLANG_ANALYZER_NUMBER_OBJECT_CONVERSION = YES_AGGRESSIVE;
				CLANG_CXX_LANGUAGE_STANDARD = "gnu++20";
				CLANG_ENABLE_MODULES = YES;
				CLANG_ENABLE_OBJC_ARC = YES;
				CLANG_ENABLE_OBJC_WEAK = YES;
				CLANG_WARN_BLOCK_CAPTURE_AUTORELEASING = YES;
				CLANG_WARN_BOOL_CONVERSION = YES;
				CLANG_WARN_COMMA = YES;
				CLANG_WARN_CONSTANT_CONVERSION = YES;
				CLANG_WARN_DEPRECATED_OBJC_IMPLEMENTATIONS = YES;
				CLANG_WARN_DIRECT_OBJC_ISA_USAGE = YES_ERROR;
				CLANG_WARN_DOCUMENTATION_COMMENTS = YES;
				CLANG_WARN_EMPTY_BODY = YES;
				CLANG_WARN_ENUM_CONVERSION = YES;
				CLANG_WARN_INFINITE_RECURSION = YES;
				CLANG_WARN_INT_CONVERSION = YES;
				CLANG_WARN_NON_LITERAL_NULL_CONVERSION = YES;
				CLANG_WARN_OBJC_IMPLICIT_RETAIN_SELF = YES;
				CLANG_WARN_OBJC_LITERAL_CONVERSION = YES;
				CLANG_WARN_OBJC_ROOT_CLASS = YES_ERROR;
				CLANG_WARN_QUOTED_INCLUDE_IN_FRAMEWORK_HEADER = YES;
				CLANG_WARN_RANGE_LOOP_ANALYSIS = YES;
				CLANG_WARN_STRICT_PROTOTYPES = YES;
				CLANG_WARN_SUSPICIOUS_MOVE = YES;
				CLANG_WARN_UNGUARDED_AVAILABILITY = YES_AGGRESSIVE;
				CLANG_WARN_UNREACHABLE_CODE = YES;
				CLANG_WARN__DUPLICATE_METHOD_MATCH = YES;
				COPY_PHASE_STRIP = NO;
				DEBUG_INFORMATION_FORMAT = "dwarf-with-dsym";
				ENABLE_NS_ASSERTIONS = NO;
				ENABLE_STRICT_OBJC_MSGSEND = YES;
				GCC_C_LANGUAGE_STANDARD = gnu11;
				GCC_NO_COMMON_BLOCKS = YES;
				GCC_WARN_64_TO_32_BIT_CONVERSION = YES;
				GCC_WARN_ABOUT_RETURN_TYPE = YES_ERROR;
				GCC_WARN_UNDECLARED_SELECTOR = YES;
				GCC_WARN_UNINITIALIZED_AUTOS = YES_AGGRESSIVE;
				GCC_WARN_UNUSED_FUNCTION = YES;
				GCC_WARN_UNUSED_VARIABLE = YES;
				IPHONEOS_DEPLOYMENT_TARGET = 16.4;
				MTL_ENABLE_DEBUG_INFO = NO;
				MTL_FAST_MATH = YES;
				SDKROOT = iphoneos;
				SWIFT_COMPILATION_MODE = wholemodule;
				SWIFT_OPTIMIZATION_LEVEL = "-O";
				VALIDATE_PRODUCT = YES;
			};
			name = Release;
		};
		1CBBFC712AAF733600A79EE4 /* Debug */ = {
			isa = XCBuildConfiguration;
			buildSettings = {
				ASSETCATALOG_COMPILER_APPICON_NAME = AppIcon;
				ASSETCATALOG_COMPILER_GLOBAL_ACCENT_COLOR_NAME = AccentColor;
				CODE_SIGN_STYLE = Automatic;
				CURRENT_PROJECT_VERSION = 1;
				DEVELOPMENT_TEAM = 27MAD3NB2X;
				GENERATE_INFOPLIST_FILE = YES;
				INFOPLIST_FILE = Flixster/Info.plist;
				INFOPLIST_KEY_UIApplicationSupportsIndirectInputEvents = YES;
				INFOPLIST_KEY_UILaunchStoryboardName = LaunchScreen;
				INFOPLIST_KEY_UIMainStoryboardFile = Main;
				INFOPLIST_KEY_UISupportedInterfaceOrientations_iPad = "UIInterfaceOrientationPortrait UIInterfaceOrientationPortraitUpsideDown UIInterfaceOrientationLandscapeLeft UIInterfaceOrientationLandscapeRight";
				INFOPLIST_KEY_UISupportedInterfaceOrientations_iPhone = "UIInterfaceOrientationPortrait UIInterfaceOrientationLandscapeLeft UIInterfaceOrientationLandscapeRight";
				LD_RUNPATH_SEARCH_PATHS = (
					"$(inherited)",
					"@executable_path/Frameworks",
				);
				MARKETING_VERSION = 1.0;
				PRODUCT_BUNDLE_IDENTIFIER = patrick1811.Flixster;
				PRODUCT_NAME = "$(TARGET_NAME)";
				SWIFT_EMIT_LOC_STRINGS = YES;
				SWIFT_VERSION = 5.0;
				TARGETED_DEVICE_FAMILY = "1,2";
			};
			name = Debug;
		};
		1CBBFC722AAF733600A79EE4 /* Release */ = {
			isa = XCBuildConfiguration;
			buildSettings = {
				ASSETCATALOG_COMPILER_APPICON_NAME = AppIcon;
				ASSETCATALOG_COMPILER_GLOBAL_ACCENT_COLOR_NAME = AccentColor;
				CODE_SIGN_STYLE = Automatic;
				CURRENT_PROJECT_VERSION = 1;
				DEVELOPMENT_TEAM = 27MAD3NB2X;
				GENERATE_INFOPLIST_FILE = YES;
				INFOPLIST_FILE = Flixster/Info.plist;
				INFOPLIST_KEY_UIApplicationSupportsIndirectInputEvents = YES;
				INFOPLIST_KEY_UILaunchStoryboardName = LaunchScreen;
				INFOPLIST_KEY_UIMainStoryboardFile = Main;
				INFOPLIST_KEY_UISupportedInterfaceOrientations_iPad = "UIInterfaceOrientationPortrait UIInterfaceOrientationPortraitUpsideDown UIInterfaceOrientationLandscapeLeft UIInterfaceOrientationLandscapeRight";
				INFOPLIST_KEY_UISupportedInterfaceOrientations_iPhone = "UIInterfaceOrientationPortrait UIInterfaceOrientationLandscapeLeft UIInterfaceOrientationLandscapeRight";
				LD_RUNPATH_SEARCH_PATHS = (
					"$(inherited)",
					"@executable_path/Frameworks",
				);
				MARKETING_VERSION = 1.0;
				PRODUCT_BUNDLE_IDENTIFIER = patrick1811.Flixster;
				PRODUCT_NAME = "$(TARGET_NAME)";
				SWIFT_EMIT_LOC_STRINGS = YES;
				SWIFT_VERSION = 5.0;
				TARGETED_DEVICE_FAMILY = "1,2";
			};
			name = Release;
		};
/* End XCBuildConfiguration section */

/* Begin XCConfigurationList section */
		1CBBFC572AAF733400A79EE4 /* Build configuration list for PBXProject "Flixster" */ = {
			isa = XCConfigurationList;
			buildConfigurations = (
				1CBBFC6E2AAF733600A79EE4 /* Debug */,
				1CBBFC6F2AAF733600A79EE4 /* Release */,
			);
			defaultConfigurationIsVisible = 0;
			defaultConfigurationName = Release;
		};
		1CBBFC702AAF733600A79EE4 /* Build configuration list for PBXNativeTarget "Flixster" */ = {
			isa = XCConfigurationList;
			buildConfigurations = (
				1CBBFC712AAF733600A79EE4 /* Debug */,
				1CBBFC722AAF733600A79EE4 /* Release */,
			);
			defaultConfigurationIsVisible = 0;
			defaultConfigurationName = Release;
		};
/* End XCConfigurationList section */
	};
	rootObject = 1CBBFC542AAF733400A79EE4 /* Project object */;
}
